{
  "name": "python-infra-audit-cc",
  "version": "1.2.0",
  "lockfileVersion": 3,
  "requires": true,
  "packages": {
    "": {
      "name": "python-infra-audit-cc",
      "version": "1.2.0",
      "license": "MIT",
      "bin": {
        "python-infra-audit-cc": "bin/install.js"
      },
      "engines": {
        "node": ">=16.7.0"
      }
    }
  }
}
